
Microsoft Visual Studio Solution File, Format Version 10.00
# Visual C++ Express 2008
Project("{8BC9CEB8-8B4A-11D0-8D11-00A0C91BC942}") = "FactoryMethod", "FactoryMethod.vcproj", "{991E2B9C-A352-48B1-AA9F-C62BDAE0E236}"
EndProject
Global
	GlobalSection(SolutionConfigurationPlatforms) = preSolution
		Debug|Win32 = Debug|Win32
		Release|Win32 = Release|Win32
	EndGlobalSection
	GlobalSection(ProjectConfigurationPlatforms) = postSolution
		{991E2B9C-A352-48B1-AA9F-C62BDAE0E236}.Debug|Win32.ActiveCfg = Debug|Win32
		{991E2B9C-A352-48B1-AA9F-C62BDAE0E236}.Debug|Win32.Build.0 = Debug|Win32
		{991E2B9C-A352-48B1-AA9F-C62BDAE0E236}.Release|Win32.ActiveCfg = Release|Win32
		{991E2B9C-A352-48B1-AA9F-C62BDAE0E236}.Release|Win32.Build.0 = Release|Win32
	EndGlobalSection
	GlobalSection(SolutionProperties) = preSolution
		HideSolutionNode = FALSE
	EndGlobalSection
EndGlobal
