
Microsoft Visual Studio Solution File, Format Version 10.00
# Visual C++ Express 2008
Project("{8BC9CEB8-8B4A-11D0-8D11-00A0C91BC942}") = "Interpreter", "Interpreter.vcproj", "{F96FD97E-BF84-4F99-A567-B64C1DED6510}"
EndProject
Global
	GlobalSection(SolutionConfigurationPlatforms) = preSolution
		Debug|Win32 = Debug|Win32
		Release|Win32 = Release|Win32
	EndGlobalSection
	GlobalSection(ProjectConfigurationPlatforms) = postSolution
		{F96FD97E-BF84-4F99-A567-B64C1DED6510}.Debug|Win32.ActiveCfg = Debug|Win32
		{F96FD97E-BF84-4F99-A567-B64C1DED6510}.Debug|Win32.Build.0 = Debug|Win32
		{F96FD97E-BF84-4F99-A567-B64C1DED6510}.Release|Win32.ActiveCfg = Release|Win32
		{F96FD97E-BF84-4F99-A567-B64C1DED6510}.Release|Win32.Build.0 = Release|Win32
	EndGlobalSection
	GlobalSection(SolutionProperties) = preSolution
		HideSolutionNode = FALSE
	EndGlobalSection
EndGlobal
